
Microsoft Visual Studio Solution File, Format Version 12.00
# Visual Studio Version 17
VisualStudioVersion = 17.11.35208.52
MinimumVisualStudioVersion = 10.0.40219.1
Project("{FAE04EC0-301F-11D3-BF4B-00C04F79EFBC}") = "API", "API\API.csproj", "{7578197D-E352-4258-8841-F31210CCE840}"
EndProject
Global
	GlobalSection(SolutionConfigurationPlatforms) = preSolution
		Debug|Any CPU = Debug|Any CPU
		Release|Any CPU = Release|Any CPU
	EndGlobalSection
	GlobalSection(ProjectConfigurationPlatforms) = postSolution
		{7578197D-E352-4258-8841-F31210CCE840}.Debug|Any CPU.ActiveCfg = Debug|Any CPU
		{7578197D-E352-4258-8841-F31210CCE840}.Debug|Any CPU.Build.0 = Debug|Any CPU
		{7578197D-E352-4258-8841-F31210CCE840}.Release|Any CPU.ActiveCfg = Release|Any CPU
		{7578197D-E352-4258-8841-F31210CCE840}.Release|Any CPU.Build.0 = Release|Any CPU
	EndGlobalSection
	GlobalSection(SolutionProperties) = preSolution
		HideSolutionNode = FALSE
	EndGlobalSection
	GlobalSection(ExtensibilityGlobals) = postSolution
		SolutionGuid = {05F3D0F6-9EA3-471F-937D-199467DF6811}
	EndGlobalSection
EndGlobal
